// !$*UTF8*$!
{
	archiveVersion = 1;
	classes = {
	};
	objectVersion = 52;
	objects = {

/* Begin PBXBuildFile section */
		069A839B2730016B00122542 /* ModernRIBs in Frameworks */ = {isa = PBXBuildFile; productRef = 069A839A2730016B00122542 /* ModernRIBs */; };
		069A83A82730051B00122542 /* SuperPayDashboardRouter.swift in Sources */ = {isa = PBXBuildFile; fileRef = 069A83A42730051B00122542 /* SuperPayDashboardRouter.swift */; };
		069A83A92730051B00122542 /* SuperPayDashboardViewController.swift in Sources */ = {isa = PBXBuildFile; fileRef = 069A83A52730051B00122542 /* SuperPayDashboardViewController.swift */; };
		069A83AA2730051B00122542 /* SuperPayDashboardBuilder.swift in Sources */ = {isa = PBXBuildFile; fileRef = 069A83A62730051B00122542 /* SuperPayDashboardBuilder.swift */; };
		069A83AB2730051B00122542 /* SuperPayDashboardInteractor.swift in Sources */ = {isa = PBXBuildFile; fileRef = 069A83A72730051B00122542 /* SuperPayDashboardInteractor.swift */; };
		1CCF07C3272FA52D00988365 /* AppDelegate.swift in Sources */ = {isa = PBXBuildFile; fileRef = 1CCF07C2272FA52D00988365 /* AppDelegate.swift */; };
		1CCF07C7272FA52D00988365 /* ViewController.swift in Sources */ = {isa = PBXBuildFile; fileRef = 1CCF07C6272FA52D00988365 /* ViewController.swift */; };
		1CCF07CA272FA52D00988365 /* Main.storyboard in Resources */ = {isa = PBXBuildFile; fileRef = 1CCF07C8272FA52D00988365 /* Main.storyboard */; };
		1CCF07CD272FA52D00988365 /* SuperAppStudy.xcdatamodeld in Sources */ = {isa = PBXBuildFile; fileRef = 1CCF07CB272FA52D00988365 /* SuperAppStudy.xcdatamodeld */; };
		1CCF07CF272FA52F00988365 /* Assets.xcassets in Resources */ = {isa = PBXBuildFile; fileRef = 1CCF07CE272FA52F00988365 /* Assets.xcassets */; };
		1CCF07D2272FA52F00988365 /* LaunchScreen.storyboard in Resources */ = {isa = PBXBuildFile; fileRef = 1CCF07D0272FA52F00988365 /* LaunchScreen.storyboard */; };
		1CCF07DD272FA53000988365 /* SuperAppStudyTests.swift in Sources */ = {isa = PBXBuildFile; fileRef = 1CCF07DC272FA53000988365 /* SuperAppStudyTests.swift */; };
		1CCF07E8272FA53000988365 /* SuperAppStudyUITests.swift in Sources */ = {isa = PBXBuildFile; fileRef = 1CCF07E7272FA53000988365 /* SuperAppStudyUITests.swift */; };
/* End PBXBuildFile section */

/* Begin PBXContainerItemProxy section */
		1CCF07D9272FA53000988365 /* PBXContainerItemProxy */ = {
			isa = PBXContainerItemProxy;
			containerPortal = 1CCF07B7272FA52D00988365 /* Project object */;
			proxyType = 1;
			remoteGlobalIDString = 1CCF07BE272FA52D00988365;
			remoteInfo = SuperAppStudy;
		};
		1CCF07E4272FA53000988365 /* PBXContainerItemProxy */ = {
			isa = PBXContainerItemProxy;
			containerPortal = 1CCF07B7272FA52D00988365 /* Project object */;
			proxyType = 1;
			remoteGlobalIDString = 1CCF07BE272FA52D00988365;
			remoteInfo = SuperAppStudy;
		};
/* End PBXContainerItemProxy section */

/* Begin PBXFileReference section */
		069A8398272FF3D200122542 /* Map.playground */ = {isa = PBXFileReference; lastKnownFileType = file.playground; path = Map.playground; sourceTree = "<group>"; xcLanguageSpecificationIdentifier = xcode.lang.swift; };
		069A83A2273001F500122542 /* Study.playground */ = {isa = PBXFileReference; lastKnownFileType = file.playground; path = Study.playground; sourceTree = "<group>"; xcLanguageSpecificationIdentifier = xcode.lang.swift; };
		069A83A42730051B00122542 /* SuperPayDashboardRouter.swift */ = {isa = PBXFileReference; lastKnownFileType = sourcecode.swift; path = SuperPayDashboardRouter.swift; sourceTree = "<group>"; };
		069A83A52730051B00122542 /* SuperPayDashboardViewController.swift */ = {isa = PBXFileReference; lastKnownFileType = sourcecode.swift; path = SuperPayDashboardViewController.swift; sourceTree = "<group>"; };
		069A83A62730051B00122542 /* SuperPayDashboardBuilder.swift */ = {isa = PBXFileReference; lastKnownFileType = sourcecode.swift; path = SuperPayDashboardBuilder.swift; sourceTree = "<group>"; };
		069A83A72730051B00122542 /* SuperPayDashboardInteractor.swift */ = {isa = PBXFileReference; lastKnownFileType = sourcecode.swift; path = SuperPayDashboardInteractor.swift; sourceTree = "<group>"; };
		1CCF07BF272FA52D00988365 /* SuperAppStudy.app */ = {isa = PBXFileReference; explicitFileType = wrapper.application; includeInIndex = 0; path = SuperAppStudy.app; sourceTree = BUILT_PRODUCTS_DIR; };
		1CCF07C2272FA52D00988365 /* AppDelegate.swift */ = {isa = PBXFileReference; lastKnownFileType = sourcecode.swift; path = AppDelegate.swift; sourceTree = "<group>"; };
		1CCF07C6272FA52D00988365 /* ViewController.swift */ = {isa = PBXFileReference; lastKnownFileType = sourcecode.swift; path = ViewController.swift; sourceTree = "<group>"; };
		1CCF07C9272FA52D00988365 /* Base */ = {isa = PBXFileReference; lastKnownFileType = file.storyboard; name = Base; path = Base.lproj/Main.storyboard; sourceTree = "<group>"; };
		1CCF07CC272FA52D00988365 /* SuperAppStudy.xcdatamodel */ = {isa = PBXFileReference; lastKnownFileType = wrapper.xcdatamodel; path = SuperAppStudy.xcdatamodel; sourceTree = "<group>"; };
		1CCF07CE272FA52F00988365 /* Assets.xcassets */ = {isa = PBXFileReference; lastKnownFileType = folder.assetcatalog; path = Assets.xcassets; sourceTree = "<group>"; };
		1CCF07D1272FA52F00988365 /* Base */ = {isa = PBXFileReference; lastKnownFileType = file.storyboard; name = Base; path = Base.lproj/LaunchScreen.storyboard; sourceTree = "<group>"; };
		1CCF07D3272FA52F00988365 /* Info.plist */ = {isa = PBXFileReference; lastKnownFileType = text.plist.xml; path = Info.plist; sourceTree = "<group>"; };
		1CCF07D8272FA53000988365 /* SuperAppStudyTests.xctest */ = {isa = PBXFileReference; explicitFileType = wrapper.cfbundle; includeInIndex = 0; path = SuperAppStudyTests.xctest; sourceTree = BUILT_PRODUCTS_DIR; };
		1CCF07DC272FA53000988365 /* SuperAppStudyTests.swift */ = {isa = PBXFileReference; lastKnownFileType = sourcecode.swift; path = SuperAppStudyTests.swift; sourceTree = "<group>"; };
		1CCF07DE272FA53000988365 /* Info.plist */ = {isa = PBXFileReference; lastKnownFileType = text.plist.xml; path = Info.plist; sourceTree = "<group>"; };
		1CCF07E3272FA53000988365 /* SuperAppStudyUITests.xctest */ = {isa = PBXFileReference; explicitFileType = wrapper.cfbundle; includeInIndex = 0; path = SuperAppStudyUITests.xctest; sourceTree = BUILT_PRODUCTS_DIR; };
		1CCF07E7272FA53000988365 /* SuperAppStudyUITests.swift */ = {isa = PBXFileReference; lastKnownFileType = sourcecode.swift; path = SuperAppStudyUITests.swift; sourceTree = "<group>"; };
		1CCF07E9272FA53000988365 /* Info.plist */ = {isa = PBXFileReference; lastKnownFileType = text.plist.xml; path = Info.plist; sourceTree = "<group>"; };
/* End PBXFileReference section */

/* Begin PBXFrameworksBuildPhase section */
		1CCF07BC272FA52D00988365 /* Frameworks */ = {
			isa = PBXFrameworksBuildPhase;
			buildActionMask = 2147483647;
			files = (
				069A839B2730016B00122542 /* ModernRIBs in Frameworks */,
			);
			runOnlyForDeploymentPostprocessing = 0;
		};
		1CCF07D5272FA53000988365 /* Frameworks */ = {
			isa = PBXFrameworksBuildPhase;
			buildActionMask = 2147483647;
			files = (
			);
			runOnlyForDeploymentPostprocessing = 0;
		};
		1CCF07E0272FA53000988365 /* Frameworks */ = {
			isa = PBXFrameworksBuildPhase;
			buildActionMask = 2147483647;
			files = (
			);
			runOnlyForDeploymentPostprocessing = 0;
		};
/* End PBXFrameworksBuildPhase section */

/* Begin PBXGroup section */
		069A8397272FF3C000122542 /* playground */ = {
			isa = PBXGroup;
			children = (
				069A8398272FF3D200122542 /* Map.playground */,
				069A83A2273001F500122542 /* Study.playground */,
			);
			path = playground;
			sourceTree = "<group>";
		};
		069A839C2730019200122542 /* AppDelegate */ = {
			isa = PBXGroup;
			children = (
				1CCF07C2272FA52D00988365 /* AppDelegate.swift */,
			);
			path = AppDelegate;
			sourceTree = "<group>";
		};
		069A839D2730019B00122542 /* AppRoot */ = {
			isa = PBXGroup;
			children = (
			);
			path = AppRoot;
			sourceTree = "<group>";
		};
		069A839E273001B000122542 /* AppHome */ = {
			isa = PBXGroup;
			children = (
			);
			path = AppHome;
			sourceTree = "<group>";
		};
		069A839F273001B800122542 /* TransportHome */ = {
			isa = PBXGroup;
			children = (
			);
			path = TransportHome;
			sourceTree = "<group>";
		};
		069A83A0273001C300122542 /* FinanceHome */ = {
			isa = PBXGroup;
			children = (
				069A83A3273004EA00122542 /* SuperPPayDashboard */,
			);
			path = FinanceHome;
			sourceTree = "<group>";
		};
		069A83A1273001CD00122542 /* ProfileHome */ = {
			isa = PBXGroup;
			children = (
			);
			path = ProfileHome;
			sourceTree = "<group>";
		};
		069A83A3273004EA00122542 /* SuperPPayDashboard */ = {
			isa = PBXGroup;
			children = (
				069A83A42730051B00122542 /* SuperPayDashboardRouter.swift */,
				069A83A52730051B00122542 /* SuperPayDashboardViewController.swift */,
				069A83A62730051B00122542 /* SuperPayDashboardBuilder.swift */,
				069A83A72730051B00122542 /* SuperPayDashboardInteractor.swift */,
			);
			path = SuperPPayDashboard;
			sourceTree = "<group>";
		};
		1CCF07B6272FA52D00988365 = {
			isa = PBXGroup;
			children = (
				1CCF07C1272FA52D00988365 /* SuperAppStudy */,
				1CCF07DB272FA53000988365 /* SuperAppStudyTests */,
				1CCF07E6272FA53000988365 /* SuperAppStudyUITests */,
				1CCF07C0272FA52D00988365 /* Products */,
			);
			sourceTree = "<group>";
		};
		1CCF07C0272FA52D00988365 /* Products */ = {
			isa = PBXGroup;
			children = (
				1CCF07BF272FA52D00988365 /* SuperAppStudy.app */,
				1CCF07D8272FA53000988365 /* SuperAppStudyTests.xctest */,
				1CCF07E3272FA53000988365 /* SuperAppStudyUITests.xctest */,
			);
			name = Products;
			sourceTree = "<group>";
		};
		1CCF07C1272FA52D00988365 /* SuperAppStudy */ = {
			isa = PBXGroup;
			children = (
				069A83A1273001CD00122542 /* ProfileHome */,
				069A83A0273001C300122542 /* FinanceHome */,
				069A839F273001B800122542 /* TransportHome */,
				069A839E273001B000122542 /* AppHome */,
				069A839D2730019B00122542 /* AppRoot */,
				069A839C2730019200122542 /* AppDelegate */,
				1CCF07C6272FA52D00988365 /* ViewController.swift */,
				1CCF07C8272FA52D00988365 /* Main.storyboard */,
				1CCF07CE272FA52F00988365 /* Assets.xcassets */,
				1CCF07D0272FA52F00988365 /* LaunchScreen.storyboard */,
				1CCF07D3272FA52F00988365 /* Info.plist */,
				1CCF07CB272FA52D00988365 /* SuperAppStudy.xcdatamodeld */,
				069A8397272FF3C000122542 /* playground */,
			);
			path = SuperAppStudy;
			sourceTree = "<group>";
		};
		1CCF07DB272FA53000988365 /* SuperAppStudyTests */ = {
			isa = PBXGroup;
			children = (
				1CCF07DC272FA53000988365 /* SuperAppStudyTests.swift */,
				1CCF07DE272FA53000988365 /* Info.plist */,
			);
			path = SuperAppStudyTests;
			sourceTree = "<group>";
		};
		1CCF07E6272FA53000988365 /* SuperAppStudyUITests */ = {
			isa = PBXGroup;
			children = (
				1CCF07E7272FA53000988365 /* SuperAppStudyUITests.swift */,
				1CCF07E9272FA53000988365 /* Info.plist */,
			);
			path = SuperAppStudyUITests;
			sourceTree = "<group>";
		};
/* End PBXGroup section */

/* Begin PBXNativeTarget section */
		1CCF07BE272FA52D00988365 /* SuperAppStudy */ = {
			isa = PBXNativeTarget;
			buildConfigurationList = 1CCF07EC272FA53000988365 /* Build configuration list for PBXNativeTarget "SuperAppStudy" */;
			buildPhases = (
				1CCF07BB272FA52D00988365 /* Sources */,
				1CCF07BC272FA52D00988365 /* Frameworks */,
				1CCF07BD272FA52D00988365 /* Resources */,
			);
			buildRules = (
			);
			dependencies = (
			);
			name = SuperAppStudy;
			packageProductDependencies = (
				069A839A2730016B00122542 /* ModernRIBs */,
			);
			productName = SuperAppStudy;
			productReference = 1CCF07BF272FA52D00988365 /* SuperAppStudy.app */;
			productType = "com.apple.product-type.application";
		};
		1CCF07D7272FA53000988365 /* SuperAppStudyTests */ = {
			isa = PBXNativeTarget;
			buildConfigurationList = 1CCF07EF272FA53000988365 /* Build configuration list for PBXNativeTarget "SuperAppStudyTests" */;
			buildPhases = (
				1CCF07D4272FA53000988365 /* Sources */,
				1CCF07D5272FA53000988365 /* Frameworks */,
				1CCF07D6272FA53000988365 /* Resources */,
			);
			buildRules = (
			);
			dependencies = (
				1CCF07DA272FA53000988365 /* PBXTargetDependency */,
			);
			name = SuperAppStudyTests;
			productName = SuperAppStudyTests;
			productReference = 1CCF07D8272FA53000988365 /* SuperAppStudyTests.xctest */;
			productType = "com.apple.product-type.bundle.unit-test";
		};
		1CCF07E2272FA53000988365 /* SuperAppStudyUITests */ = {
			isa = PBXNativeTarget;
			buildConfigurationList = 1CCF07F2272FA53000988365 /* Build configuration list for PBXNativeTarget "SuperAppStudyUITests" */;
			buildPhases = (
				1CCF07DF272FA53000988365 /* Sources */,
				1CCF07E0272FA53000988365 /* Frameworks */,
				1CCF07E1272FA53000988365 /* Resources */,
			);
			buildRules = (
			);
			dependencies = (
				1CCF07E5272FA53000988365 /* PBXTargetDependency */,
			);
			name = SuperAppStudyUITests;
			productName = SuperAppStudyUITests;
			productReference = 1CCF07E3272FA53000988365 /* SuperAppStudyUITests.xctest */;
			productType = "com.apple.product-type.bundle.ui-testing";
		};
/* End PBXNativeTarget section */

/* Begin PBXProject section */
		1CCF07B7272FA52D00988365 /* Project object */ = {
			isa = PBXProject;
			attributes = {
				LastSwiftUpdateCheck = 1250;
				LastUpgradeCheck = 1250;
				TargetAttributes = {
					1CCF07BE272FA52D00988365 = {
						CreatedOnToolsVersion = 12.5.1;
					};
					1CCF07D7272FA53000988365 = {
						CreatedOnToolsVersion = 12.5.1;
						TestTargetID = 1CCF07BE272FA52D00988365;
					};
					1CCF07E2272FA53000988365 = {
						CreatedOnToolsVersion = 12.5.1;
						TestTargetID = 1CCF07BE272FA52D00988365;
					};
				};
			};
			buildConfigurationList = 1CCF07BA272FA52D00988365 /* Build configuration list for PBXProject "SuperAppStudy" */;
			compatibilityVersion = "Xcode 9.3";
			developmentRegion = en;
			hasScannedForEncodings = 0;
			knownRegions = (
				en,
				Base,
			);
			mainGroup = 1CCF07B6272FA52D00988365;
			packageReferences = (
				069A83992730016B00122542 /* XCRemoteSwiftPackageReference "ModernRIBs" */,
			);
			productRefGroup = 1CCF07C0272FA52D00988365 /* Products */;
			projectDirPath = "";
			projectRoot = "";
			targets = (
				1CCF07BE272FA52D00988365 /* SuperAppStudy */,
				1CCF07D7272FA53000988365 /* SuperAppStudyTests */,
				1CCF07E2272FA53000988365 /* SuperAppStudyUITests */,
			);
		};
/* End PBXProject section */

/* Begin PBXResourcesBuildPhase section */
		1CCF07BD272FA52D00988365 /* Resources */ = {
			isa = PBXResourcesBuildPhase;
			buildActionMask = 2147483647;
			files = (
				1CCF07D2272FA52F00988365 /* LaunchScreen.storyboard in Resources */,
				1CCF07CF272FA52F00988365 /* Assets.xcassets in Resources */,
				1CCF07CA272FA52D00988365 /* Main.storyboard in Resources */,
			);
			runOnlyForDeploymentPostprocessing = 0;
		};
		1CCF07D6272FA53000988365 /* Resources */ = {
			isa = PBXResourcesBuildPhase;
			buildActionMask = 2147483647;
			files = (
			);
			runOnlyForDeploymentPostprocessing = 0;
		};
		1CCF07E1272FA53000988365 /* Resources */ = {
			isa = PBXResourcesBuildPhase;
			buildActionMask = 2147483647;
			files = (
			);
			runOnlyForDeploymentPostprocessing = 0;
		};
/* End PBXResourcesBuildPhase section */

/* Begin PBXSourcesBuildPhase section */
		1CCF07BB272FA52D00988365 /* Sources */ = {
			isa = PBXSourcesBuildPhase;
			buildActionMask = 2147483647;
			files = (
				1CCF07C7272FA52D00988365 /* ViewController.swift in Sources */,
				069A83AA2730051B00122542 /* SuperPayDashboardBuilder.swift in Sources */,
				069A83A92730051B00122542 /* SuperPayDashboardViewController.swift in Sources */,
				069A83AB2730051B00122542 /* SuperPayDashboardInteractor.swift in Sources */,
				1CCF07C3272FA52D00988365 /* AppDelegate.swift in Sources */,
				069A83A82730051B00122542 /* SuperPayDashboardRouter.swift in Sources */,
				1CCF07CD272FA52D00988365 /* SuperAppStudy.xcdatamodeld in Sources */,
			);
			runOnlyForDeploymentPostprocessing = 0;
		};
		1CCF07D4272FA53000988365 /* Sources */ = {
			isa = PBXSourcesBuildPhase;
			buildActionMask = 2147483647;
			files = (
				1CCF07DD272FA53000988365 /* SuperAppStudyTests.swift in Sources */,
			);
			runOnlyForDeploymentPostprocessing = 0;
		};
		1CCF07DF272FA53000988365 /* Sources */ = {
			isa = PBXSourcesBuildPhase;
			buildActionMask = 2147483647;
			files = (
				1CCF07E8272FA53000988365 /* SuperAppStudyUITests.swift in Sources */,
			);
			runOnlyForDeploymentPostprocessing = 0;
		};
/* End PBXSourcesBuildPhase section */

/* Begin PBXTargetDependency section */
		1CCF07DA272FA53000988365 /* PBXTargetDependency */ = {
			isa = PBXTargetDependency;
			target = 1CCF07BE272FA52D00988365 /* SuperAppStudy */;
			targetProxy = 1CCF07D9272FA53000988365 /* PBXContainerItemProxy */;
		};
		1CCF07E5272FA53000988365 /* PBXTargetDependency */ = {
			isa = PBXTargetDependency;
			target = 1CCF07BE272FA52D00988365 /* SuperAppStudy */;
			targetProxy = 1CCF07E4272FA53000988365 /* PBXContainerItemProxy */;
		};
/* End PBXTargetDependency section */

/* Begin PBXVariantGroup section */
		1CCF07C8272FA52D00988365 /* Main.storyboard */ = {
			isa = PBXVariantGroup;
			children = (
				1CCF07C9272FA52D00988365 /* Base */,
			);
			name = Main.storyboard;
			sourceTree = "<group>";
		};
		1CCF07D0272FA52F00988365 /* LaunchScreen.storyboard */ = {
			isa = PBXVariantGroup;
			children = (
				1CCF07D1272FA52F00988365 /* Base */,
			);
			name = LaunchScreen.storyboard;
			sourceTree = "<group>";
		};
/* End PBXVariantGroup section */

/* Begin XCBuildConfiguration section */
		1CCF07EA272FA53000988365 /* Debug */ = {
			isa = XCBuildConfiguration;
			buildSettings = {
				ALWAYS_SEARCH_USER_PATHS = NO;
				CLANG_ANALYZER_NONNULL = YES;
				CLANG_ANALYZER_NUMBER_OBJECT_CONVERSION = YES_AGGRESSIVE;
				CLANG_CXX_LANGUAGE_STANDARD = "gnu++14";
				CLANG_CXX_LIBRARY = "libc++";
				CLANG_ENABLE_MODULES = YES;
				CLANG_ENABLE_OBJC_ARC = YES;
				CLANG_ENABLE_OBJC_WEAK = YES;
				CLANG_WARN_BLOCK_CAPTURE_AUTORELEASING = YES;
				CLANG_WARN_BOOL_CONVERSION = YES;
				CLANG_WARN_COMMA = YES;
				CLANG_WARN_CONSTANT_CONVERSION = YES;
				CLANG_WARN_DEPRECATED_OBJC_IMPLEMENTATIONS = YES;
				CLANG_WARN_DIRECT_OBJC_ISA_USAGE = YES_ERROR;
				CLANG_WARN_DOCUMENTATION_COMMENTS = YES;
				CLANG_WARN_EMPTY_BODY = YES;
				CLANG_WARN_ENUM_CONVERSION = YES;
				CLANG_WARN_INFINITE_RECURSION = YES;
				CLANG_WARN_INT_CONVERSION = YES;
				CLANG_WARN_NON_LITERAL_NULL_CONVERSION = YES;
				CLANG_WARN_OBJC_IMPLICIT_RETAIN_SELF = YES;
				CLANG_WARN_OBJC_LITERAL_CONVERSION = YES;
				CLANG_WARN_OBJC_ROOT_CLASS = YES_ERROR;
				CLANG_WARN_QUOTED_INCLUDE_IN_FRAMEWORK_HEADER = YES;
				CLANG_WARN_RANGE_LOOP_ANALYSIS = YES;
				CLANG_WARN_STRICT_PROTOTYPES = YES;
				CLANG_WARN_SUSPICIOUS_MOVE = YES;
				CLANG_WARN_UNGUARDED_AVAILABILITY = YES_AGGRESSIVE;
				CLANG_WARN_UNREACHABLE_CODE = YES;
				CLANG_WARN__DUPLICATE_METHOD_MATCH = YES;
				COPY_PHASE_STRIP = NO;
				DEBUG_INFORMATION_FORMAT = dwarf;
				ENABLE_STRICT_OBJC_MSGSEND = YES;
				ENABLE_TESTABILITY = YES;
				GCC_C_LANGUAGE_STANDARD = gnu11;
				GCC_DYNAMIC_NO_PIC = NO;
				GCC_NO_COMMON_BLOCKS = YES;
				GCC_OPTIMIZATION_LEVEL = 0;
				GCC_PREPROCESSOR_DEFINITIONS = (
					"DEBUG=1",
					"$(inherited)",
				);
				GCC_WARN_64_TO_32_BIT_CONVERSION = YES;
				GCC_WARN_ABOUT_RETURN_TYPE = YES_ERROR;
				GCC_WARN_UNDECLARED_SELECTOR = YES;
				GCC_WARN_UNINITIALIZED_AUTOS = YES_AGGRESSIVE;
				GCC_WARN_UNUSED_FUNCTION = YES;
				GCC_WARN_UNUSED_VARIABLE = YES;
				IPHONEOS_DEPLOYMENT_TARGET = 14.5;
				MTL_ENABLE_DEBUG_INFO = INCLUDE_SOURCE;
				MTL_FAST_MATH = YES;
				ONLY_ACTIVE_ARCH = YES;
				SDKROOT = iphoneos;
				SWIFT_ACTIVE_COMPILATION_CONDITIONS = DEBUG;
				SWIFT_OPTIMIZATION_LEVEL = "-Onone";
			};
			name = Debug;
		};
		1CCF07EB272FA53000988365 /* Release */ = {
			isa = XCBuildConfiguration;
			buildSettings = {
				ALWAYS_SEARCH_USER_PATHS = NO;
				CLANG_ANALYZER_NONNULL = YES;
				CLANG_ANALYZER_NUMBER_OBJECT_CONVERSION = YES_AGGRESSIVE;
				CLANG_CXX_LANGUAGE_STANDARD = "gnu++14";
				CLANG_CXX_LIBRARY = "libc++";
				CLANG_ENABLE_MODULES = YES;
				CLANG_ENABLE_OBJC_ARC = YES;
				CLANG_ENABLE_OBJC_WEAK = YES;
				CLANG_WARN_BLOCK_CAPTURE_AUTORELEASING = YES;
				CLANG_WARN_BOOL_CONVERSION = YES;
				CLANG_WARN_COMMA = YES;
				CLANG_WARN_CONSTANT_CONVERSION = YES;
				CLANG_WARN_DEPRECATED_OBJC_IMPLEMENTATIONS = YES;
				CLANG_WARN_DIRECT_OBJC_ISA_USAGE = YES_ERROR;
				CLANG_WARN_DOCUMENTATION_COMMENTS = YES;
				CLANG_WARN_EMPTY_BODY = YES;
				CLANG_WARN_ENUM_CONVERSION = YES;
				CLANG_WARN_INFINITE_RECURSION = YES;
				CLANG_WARN_INT_CONVERSION = YES;
				CLANG_WARN_NON_LITERAL_NULL_CONVERSION = YES;
				CLANG_WARN_OBJC_IMPLICIT_RETAIN_SELF = YES;
				CLANG_WARN_OBJC_LITERAL_CONVERSION = YES;
				CLANG_WARN_OBJC_ROOT_CLASS = YES_ERROR;
				CLANG_WARN_QUOTED_INCLUDE_IN_FRAMEWORK_HEADER = YES;
				CLANG_WARN_RANGE_LOOP_ANALYSIS = YES;
				CLANG_WARN_STRICT_PROTOTYPES = YES;
				CLANG_WARN_SUSPICIOUS_MOVE = YES;
				CLANG_WARN_UNGUARDED_AVAILABILITY = YES_AGGRESSIVE;
				CLANG_WARN_UNREACHABLE_CODE = YES;
				CLANG_WARN__DUPLICATE_METHOD_MATCH = YES;
				COPY_PHASE_STRIP = NO;
				DEBUG_INFORMATION_FORMAT = "dwarf-with-dsym";
				ENABLE_NS_ASSERTIONS = NO;
				ENABLE_STRICT_OBJC_MSGSEND = YES;
				GCC_C_LANGUAGE_STANDARD = gnu11;
				GCC_NO_COMMON_BLOCKS = YES;
				GCC_WARN_64_TO_32_BIT_CONVERSION = YES;
				GCC_WARN_ABOUT_RETURN_TYPE = YES_ERROR;
				GCC_WARN_UNDECLARED_SELECTOR = YES;
				GCC_WARN_UNINITIALIZED_AUTOS = YES_AGGRESSIVE;
				GCC_WARN_UNUSED_FUNCTION = YES;
				GCC_WARN_UNUSED_VARIABLE = YES;
				IPHONEOS_DEPLOYMENT_TARGET = 14.5;
				MTL_ENABLE_DEBUG_INFO = NO;
				MTL_FAST_MATH = YES;
				SDKROOT = iphoneos;
				SWIFT_COMPILATION_MODE = wholemodule;
				SWIFT_OPTIMIZATION_LEVEL = "-O";
				VALIDATE_PRODUCT = YES;
			};
			name = Release;
		};
		1CCF07ED272FA53000988365 /* Debug */ = {
			isa = XCBuildConfiguration;
			buildSettings = {
				ASSETCATALOG_COMPILER_APPICON_NAME = AppIcon;
				ASSETCATALOG_COMPILER_GLOBAL_ACCENT_COLOR_NAME = AccentColor;
				CODE_SIGN_STYLE = Automatic;
				DEVELOPMENT_TEAM = 9P6WAX9VN5;
				INFOPLIST_FILE = SuperAppStudy/Info.plist;
				IPHONEOS_DEPLOYMENT_TARGET = 12.0;
				LD_RUNPATH_SEARCH_PATHS = (
					"$(inherited)",
					"@executable_path/Frameworks",
				);
				PRODUCT_BUNDLE_IDENTIFIER = kr.co.SuperAppStudy;
				PRODUCT_NAME = "$(TARGET_NAME)";
				SWIFT_VERSION = 5.0;
				TARGETED_DEVICE_FAMILY = "1,2";
			};
			name = Debug;
		};
		1CCF07EE272FA53000988365 /* Release */ = {
			isa = XCBuildConfiguration;
			buildSettings = {
				ASSETCATALOG_COMPILER_APPICON_NAME = AppIcon;
				ASSETCATALOG_COMPILER_GLOBAL_ACCENT_COLOR_NAME = AccentColor;
				CODE_SIGN_STYLE = Automatic;
				DEVELOPMENT_TEAM = 9P6WAX9VN5;
				INFOPLIST_FILE = SuperAppStudy/Info.plist;
				IPHONEOS_DEPLOYMENT_TARGET = 12.0;
				LD_RUNPATH_SEARCH_PATHS = (
					"$(inherited)",
					"@executable_path/Frameworks",
				);
				PRODUCT_BUNDLE_IDENTIFIER = kr.co.SuperAppStudy;
				PRODUCT_NAME = "$(TARGET_NAME)";
				SWIFT_VERSION = 5.0;
				TARGETED_DEVICE_FAMILY = "1,2";
			};
			name = Release;
		};
		1CCF07F0272FA53000988365 /* Debug */ = {
			isa = XCBuildConfiguration;
			buildSettings = {
				ALWAYS_EMBED_SWIFT_STANDARD_LIBRARIES = YES;
				BUNDLE_LOADER = "$(TEST_HOST)";
				CODE_SIGN_STYLE = Automatic;
				DEVELOPMENT_TEAM = 9P6WAX9VN5;
				INFOPLIST_FILE = SuperAppStudyTests/Info.plist;
				IPHONEOS_DEPLOYMENT_TARGET = 14.5;
				LD_RUNPATH_SEARCH_PATHS = (
					"$(inherited)",
					"@executable_path/Frameworks",
					"@loader_path/Frameworks",
				);
				PRODUCT_BUNDLE_IDENTIFIER = kr.co.SuperAppStudyTests;
				PRODUCT_NAME = "$(TARGET_NAME)";
				SWIFT_VERSION = 5.0;
				TARGETED_DEVICE_FAMILY = "1,2";
				TEST_HOST = "$(BUILT_PRODUCTS_DIR)/SuperAppStudy.app/SuperAppStudy";
			};
			name = Debug;
		};
		1CCF07F1272FA53000988365 /* Release */ = {
			isa = XCBuildConfiguration;
			buildSettings = {
				ALWAYS_EMBED_SWIFT_STANDARD_LIBRARIES = YES;
				BUNDLE_LOADER = "$(TEST_HOST)";
				CODE_SIGN_STYLE = Automatic;
				DEVELOPMENT_TEAM = 9P6WAX9VN5;
				INFOPLIST_FILE = SuperAppStudyTests/Info.plist;
				IPHONEOS_DEPLOYMENT_TARGET = 14.5;
				LD_RUNPATH_SEARCH_PATHS = (
					"$(inherited)",
					"@executable_path/Frameworks",
					"@loader_path/Frameworks",
				);
				PRODUCT_BUNDLE_IDENTIFIER = kr.co.SuperAppStudyTests;
				PRODUCT_NAME = "$(TARGET_NAME)";
				SWIFT_VERSION = 5.0;
				TARGETED_DEVICE_FAMILY = "1,2";
				TEST_HOST = "$(BUILT_PRODUCTS_DIR)/SuperAppStudy.app/SuperAppStudy";
			};
			name = Release;
		};
		1CCF07F3272FA53000988365 /* Debug */ = {
			isa = XCBuildConfiguration;
			buildSettings = {
				ALWAYS_EMBED_SWIFT_STANDARD_LIBRARIES = YES;
				CODE_SIGN_STYLE = Automatic;
				DEVELOPMENT_TEAM = 9P6WAX9VN5;
				INFOPLIST_FILE = SuperAppStudyUITests/Info.plist;
				LD_RUNPATH_SEARCH_PATHS = (
					"$(inherited)",
					"@executable_path/Frameworks",
					"@loader_path/Frameworks",
				);
				PRODUCT_BUNDLE_IDENTIFIER = kr.co.SuperAppStudyUITests;
				PRODUCT_NAME = "$(TARGET_NAME)";
				SWIFT_VERSION = 5.0;
				TARGETED_DEVICE_FAMILY = "1,2";
				TEST_TARGET_NAME = SuperAppStudy;
			};
			name = Debug;
		};
		1CCF07F4272FA53000988365 /* Release */ = {
			isa = XCBuildConfiguration;
			buildSettings = {
				ALWAYS_EMBED_SWIFT_STANDARD_LIBRARIES = YES;
				CODE_SIGN_STYLE = Automatic;
				DEVELOPMENT_TEAM = 9P6WAX9VN5;
				INFOPLIST_FILE = SuperAppStudyUITests/Info.plist;
				LD_RUNPATH_SEARCH_PATHS = (
					"$(inherited)",
					"@executable_path/Frameworks",
					"@loader_path/Frameworks",
				);
				PRODUCT_BUNDLE_IDENTIFIER = kr.co.SuperAppStudyUITests;
				PRODUCT_NAME = "$(TARGET_NAME)";
				SWIFT_VERSION = 5.0;
				TARGETED_DEVICE_FAMILY = "1,2";
				TEST_TARGET_NAME = SuperAppStudy;
			};
			name = Release;
		};
/* End XCBuildConfiguration section */

/* Begin XCConfigurationList section */
		1CCF07BA272FA52D00988365 /* Build configuration list for PBXProject "SuperAppStudy" */ = {
			isa = XCConfigurationList;
			buildConfigurations = (
				1CCF07EA272FA53000988365 /* Debug */,
				1CCF07EB272FA53000988365 /* Release */,
			);
			defaultConfigurationIsVisible = 0;
			defaultConfigurationName = Release;
		};
		1CCF07EC272FA53000988365 /* Build configuration list for PBXNativeTarget "SuperAppStudy" */ = {
			isa = XCConfigurationList;
			buildConfigurations = (
				1CCF07ED272FA53000988365 /* Debug */,
				1CCF07EE272FA53000988365 /* Release */,
			);
			defaultConfigurationIsVisible = 0;
			defaultConfigurationName = Release;
		};
		1CCF07EF272FA53000988365 /* Build configuration list for PBXNativeTarget "SuperAppStudyTests" */ = {
			isa = XCConfigurationList;
			buildConfigurations = (
				1CCF07F0272FA53000988365 /* Debug */,
				1CCF07F1272FA53000988365 /* Release */,
			);
			defaultConfigurationIsVisible = 0;
			defaultConfigurationName = Release;
		};
		1CCF07F2272FA53000988365 /* Build configuration list for PBXNativeTarget "SuperAppStudyUITests" */ = {
			isa = XCConfigurationList;
			buildConfigurations = (
				1CCF07F3272FA53000988365 /* Debug */,
				1CCF07F4272FA53000988365 /* Release */,
			);
			defaultConfigurationIsVisible = 0;
			defaultConfigurationName = Release;
		};
/* End XCConfigurationList section */

/* Begin XCRemoteSwiftPackageReference section */
		069A83992730016B00122542 /* XCRemoteSwiftPackageReference "ModernRIBs" */ = {
			isa = XCRemoteSwiftPackageReference;
			repositoryURL = "https://github.com/DevYeom/ModernRIBs.git";
			requirement = {
				kind = upToNextMajorVersion;
				minimumVersion = 1.0.0;
			};
		};
/* End XCRemoteSwiftPackageReference section */

/* Begin XCSwiftPackageProductDependency section */
		069A839A2730016B00122542 /* ModernRIBs */ = {
			isa = XCSwiftPackageProductDependency;
			package = 069A83992730016B00122542 /* XCRemoteSwiftPackageReference "ModernRIBs" */;
			productName = ModernRIBs;
		};
/* End XCSwiftPackageProductDependency section */

/* Begin XCVersionGroup section */
		1CCF07CB272FA52D00988365 /* SuperAppStudy.xcdatamodeld */ = {
			isa = XCVersionGroup;
			children = (
				1CCF07CC272FA52D00988365 /* SuperAppStudy.xcdatamodel */,
			);
			currentVersion = 1CCF07CC272FA52D00988365 /* SuperAppStudy.xcdatamodel */;
			path = SuperAppStudy.xcdatamodeld;
			sourceTree = "<group>";
			versionGroupType = wrapper.xcdatamodel;
		};
/* End XCVersionGroup section */
	};
	rootObject = 1CCF07B7272FA52D00988365 /* Project object */;
}
